PODS:
  - Alamofire (4.4.0)
  - CVCalendar (1.5.2)
  - DropDown (2)
  - FSCalendar (2.7.3)
  - Kingfisher (3.5.1)
  - Material (2.5.2):
    - Material/Core (= 2.5.2)
  - Material/Core (2.5.2)
  - Popover (1.0.6)
  - SCLAlertView (0.7.0)
  - SQLite.swift (0.11.2):
    - SQLite.swift/standard (= 0.11.2)
  - SQLite.swift/standard (0.11.2)
  - Toast-Swift (2.0.0)

DEPENDENCIES:
  - Alamofire
  - CVCalendar
  - DropDown
  - FSCalendar
  - Kingfisher
  - Material
  - Popover
  - SCLAlertView
  - SQLite.swift
  - Toast-Swift (~> 2.0.0)

SPEC CHECKSUMS:
  Alamofire: dc44b1600b800eb63da6a19039a0083d62a6a62d
  CVCalendar: 6d429042961f2abdf90a1795e66ef5e1032c88bb
  DropDown: 744784d9c9aa505100e942c16acd05430cbb2f0a
  FSCalendar: 574388d70778c22719eed9341653e1743b345573
  Kingfisher: 12eeffeef42ea45b68c5e5acfe8ba9005b713ab4
  Material: 00ae261fa04dd3f3f8584d07e44ac658fa1bc6fd
  Popover: 227aa929a6cdf41c4828786be8ede109c40344c9
  SCLAlertView: 8a14ffc40590c619e183eed2298b854385f30be1
  SQLite.swift: 670c3e9e0a806bbfd56a3de5d530768dc0e6fe7c
  Toast-Swift: 5b2f8f720f7e78e48511f693df1f9c9a6e38a25a

PODFILE CHECKSUM: 1857c163b920934a21b05d2fd12944b3463d4bf3

COCOAPODS: 1.2.1.beta.1
